// !$*UTF8*$!
{
	archiveVersion = 1;
	classes = {
	};
	objectVersion = 55;
	objects = {

/* Begin PBXBuildFile section */
		FB10102828A7938C00A47156 /* CalculatorObject.swift in Sources */ = {isa = PBXBuildFile; fileRef = FB10101F28A7868C00A47156 /* CalculatorObject.swift */; };
		FB10102928A7938C00A47156 /* BinaryOperator.swift in Sources */ = {isa = PBXBuildFile; fileRef = FBEF5826288D7A7900E7BD88 /* BinaryOperator.swift */; };
		FB10102A28A7938C00A47156 /* Key.swift in Sources */ = {isa = PBXBuildFile; fileRef = FBEF5828288D7A7900E7BD88 /* Key.swift */; };
		FB10102B28A7938C00A47156 /* UnaryOperator.swift in Sources */ = {isa = PBXBuildFile; fileRef = FBEF58372890180D00E7BD88 /* UnaryOperator.swift */; };
		FB10102C28A7938C00A47156 /* FractionDigits.swift in Sources */ = {isa = PBXBuildFile; fileRef = FB1C521F289489B000615621 /* FractionDigits.swift */; };
		FB10102D28A7938C00A47156 /* Calculator.swift in Sources */ = {isa = PBXBuildFile; fileRef = FBEF5824288D7A7900E7BD88 /* Calculator.swift */; };
		FB10102E28A7938C00A47156 /* KeyRecievable.swift in Sources */ = {isa = PBXBuildFile; fileRef = FBEF5833288EA84E00E7BD88 /* KeyRecievable.swift */; };
		FB10102F28A7938C00A47156 /* Operand.swift in Sources */ = {isa = PBXBuildFile; fileRef = FBEF5825288D7A7900E7BD88 /* Operand.swift */; };
		FB10103328A796EF00A47156 /* KeyLayout.swift in Sources */ = {isa = PBXBuildFile; fileRef = FB10103228A796EF00A47156 /* KeyLayout.swift */; };
		FB150D0F28BB6DFF00886C5C /* KeySelection.swift in Sources */ = {isa = PBXBuildFile; fileRef = FB150D0E28BB6DFF00886C5C /* KeySelection.swift */; };
		FB1C522228967E7E00615621 /* OperandTests_Plus.swift in Sources */ = {isa = PBXBuildFile; fileRef = FB1C522128967E7E00615621 /* OperandTests_Plus.swift */; };
		FB1C52242897582D00615621 /* OperandTests_Minus.swift in Sources */ = {isa = PBXBuildFile; fileRef = FB1C52232897582D00615621 /* OperandTests_Minus.swift */; };
		FB1C522628975C5D00615621 /* OperandTests_Multiply.swift in Sources */ = {isa = PBXBuildFile; fileRef = FB1C522528975C5D00615621 /* OperandTests_Multiply.swift */; };
		FB1C5228289E5D9E00615621 /* OperandTests_CutOff.swift in Sources */ = {isa = PBXBuildFile; fileRef = FB1C5227289E5D9E00615621 /* OperandTests_CutOff.swift */; };
		FB5A52C628A744AF00E4A11E /* CalculatorTests.swift in Sources */ = {isa = PBXBuildFile; fileRef = FB5A52C528A744AF00E4A11E /* CalculatorTests.swift */; };
		FB5AD0AB28A9009200B71912 /* InterfaceOrientation.swift in Sources */ = {isa = PBXBuildFile; fileRef = FB5AD0AA28A9009200B71912 /* InterfaceOrientation.swift */; };
		FB5AD0AD28A9047500B71912 /* CalculatorDisplay.swift in Sources */ = {isa = PBXBuildFile; fileRef = FB5AD0AC28A9047500B71912 /* CalculatorDisplay.swift */; };
		FB5AD0AF28A90A6700B71912 /* InterfaceOrientationRecievable.swift in Sources */ = {isa = PBXBuildFile; fileRef = FB5AD0AE28A90A6700B71912 /* InterfaceOrientationRecievable.swift */; };
		FB5AD0B128A9BBED00B71912 /* App.swift in Sources */ = {isa = PBXBuildFile; fileRef = FB5AD0B028A9BBED00B71912 /* App.swift */; };
		FB658E1028CC6598009D8185 /* PlusMinus.swift in Sources */ = {isa = PBXBuildFile; fileRef = FB658E0F28CC6598009D8185 /* PlusMinus.swift */; };
		FBA4300E28854B7A0053C8E6 /* ButtonStyle.swift in Sources */ = {isa = PBXBuildFile; fileRef = FBA4300D28854B7A0053C8E6 /* ButtonStyle.swift */; };
		FBA686F0287A7D33001A8FD9 /* AppDelegate.swift in Sources */ = {isa = PBXBuildFile; fileRef = FBA686EF287A7D33001A8FD9 /* AppDelegate.swift */; };
		FBA686F2287A7D33001A8FD9 /* SceneDelegate.swift in Sources */ = {isa = PBXBuildFile; fileRef = FBA686F1287A7D33001A8FD9 /* SceneDelegate.swift */; };
		FBA686F9287A7D40001A8FD9 /* Assets.xcassets in Resources */ = {isa = PBXBuildFile; fileRef = FBA686F8287A7D40001A8FD9 /* Assets.xcassets */; };
		FBA686FC287A7D40001A8FD9 /* LaunchScreen.storyboard in Resources */ = {isa = PBXBuildFile; fileRef = FBA686FA287A7D40001A8FD9 /* LaunchScreen.storyboard */; };
		FBDA6C9F28C3E22E003C7004 /* CalculatorTests_Percent.swift in Sources */ = {isa = PBXBuildFile; fileRef = FBDA6C9E28C3E22E003C7004 /* CalculatorTests_Percent.swift */; };
		FBE3865728C3303C007EFF89 /* ForEach.swift in Sources */ = {isa = PBXBuildFile; fileRef = FBE3865628C3303C007EFF89 /* ForEach.swift */; };
		FBE4242628B1B9FC00F1A312 /* AnyPreferenceKey.swift in Sources */ = {isa = PBXBuildFile; fileRef = FBE4242528B1B9FC00F1A312 /* AnyPreferenceKey.swift */; };
		FBE4242828B1CD4500F1A312 /* View+DragGesture.swift in Sources */ = {isa = PBXBuildFile; fileRef = FBE4242728B1CD4500F1A312 /* View+DragGesture.swift */; };
		FBE4242A28B1D77700F1A312 /* CalculatorButtonGridView.swift in Sources */ = {isa = PBXBuildFile; fileRef = FBE4242928B1D77700F1A312 /* CalculatorButtonGridView.swift */; };
		FBE4242C28B1F1BE00F1A312 /* EnvironmentKey.swift in Sources */ = {isa = PBXBuildFile; fileRef = FBE4242B28B1F1BE00F1A312 /* EnvironmentKey.swift */; };
		FBEF5832288D7A7900E7BD88 /* OperandTests.swift in Sources */ = {isa = PBXBuildFile; fileRef = FBEF582B288D7A7900E7BD88 /* OperandTests.swift */; };
		FBF2DA7D287AD31C00A844E4 /* RootView.swift in Sources */ = {isa = PBXBuildFile; fileRef = FBF2DA7C287AD31C00A844E4 /* RootView.swift */; };
		FBF2DA82287AD76F00A844E4 /* CalculatorView.swift in Sources */ = {isa = PBXBuildFile; fileRef = FBF2DA81287AD76F00A844E4 /* CalculatorView.swift */; };
		FBF2DA86287AE4D300A844E4 /* CircleButton.swift in Sources */ = {isa = PBXBuildFile; fileRef = FBF2DA85287AE4D300A844E4 /* CircleButton.swift */; };
		FBF2DA922883D6AA00A844E4 /* CapsuleButton.swift in Sources */ = {isa = PBXBuildFile; fileRef = FBF2DA912883D6AA00A844E4 /* CapsuleButton.swift */; };
		FBF2DA952883E79900A844E4 /* View.swift in Sources */ = {isa = PBXBuildFile; fileRef = FBF2DA942883E79900A844E4 /* View.swift */; };
/* End PBXBuildFile section */

/* Begin PBXContainerItemProxy section */
		FBA43019288D4B320053C8E6 /* PBXContainerItemProxy */ = {
			isa = PBXContainerItemProxy;
			containerPortal = FBA686E4287A7D33001A8FD9 /* Project object */;
			proxyType = 1;
			remoteGlobalIDString = FBA686EB287A7D33001A8FD9;
			remoteInfo = Calculator;
		};
/* End PBXContainerItemProxy section */

/* Begin PBXFileReference section */
		FB10101F28A7868C00A47156 /* CalculatorObject.swift */ = {isa = PBXFileReference; lastKnownFileType = sourcecode.swift; path = CalculatorObject.swift; sourceTree = "<group>"; };
		FB10103228A796EF00A47156 /* KeyLayout.swift */ = {isa = PBXFileReference; lastKnownFileType = sourcecode.swift; path = KeyLayout.swift; sourceTree = "<group>"; };
		FB150D0E28BB6DFF00886C5C /* KeySelection.swift */ = {isa = PBXFileReference; lastKnownFileType = sourcecode.swift; path = KeySelection.swift; sourceTree = "<group>"; };
		FB1C521F289489B000615621 /* FractionDigits.swift */ = {isa = PBXFileReference; lastKnownFileType = sourcecode.swift; path = FractionDigits.swift; sourceTree = "<group>"; };
		FB1C522128967E7E00615621 /* OperandTests_Plus.swift */ = {isa = PBXFileReference; lastKnownFileType = sourcecode.swift; path = OperandTests_Plus.swift; sourceTree = "<group>"; };
		FB1C52232897582D00615621 /* OperandTests_Minus.swift */ = {isa = PBXFileReference; lastKnownFileType = sourcecode.swift; path = OperandTests_Minus.swift; sourceTree = "<group>"; };
		FB1C522528975C5D00615621 /* OperandTests_Multiply.swift */ = {isa = PBXFileReference; lastKnownFileType = sourcecode.swift; path = OperandTests_Multiply.swift; sourceTree = "<group>"; };
		FB1C5227289E5D9E00615621 /* OperandTests_CutOff.swift */ = {isa = PBXFileReference; lastKnownFileType = sourcecode.swift; path = OperandTests_CutOff.swift; sourceTree = "<group>"; };
		FB5A52C528A744AF00E4A11E /* CalculatorTests.swift */ = {isa = PBXFileReference; lastKnownFileType = sourcecode.swift; path = CalculatorTests.swift; sourceTree = "<group>"; };
		FB5AD0AA28A9009200B71912 /* InterfaceOrientation.swift */ = {isa = PBXFileReference; lastKnownFileType = sourcecode.swift; path = InterfaceOrientation.swift; sourceTree = "<group>"; };
		FB5AD0AC28A9047500B71912 /* CalculatorDisplay.swift */ = {isa = PBXFileReference; lastKnownFileType = sourcecode.swift; path = CalculatorDisplay.swift; sourceTree = "<group>"; };
		FB5AD0AE28A90A6700B71912 /* InterfaceOrientationRecievable.swift */ = {isa = PBXFileReference; lastKnownFileType = sourcecode.swift; path = InterfaceOrientationRecievable.swift; sourceTree = "<group>"; };
		FB5AD0B028A9BBED00B71912 /* App.swift */ = {isa = PBXFileReference; lastKnownFileType = sourcecode.swift; path = App.swift; sourceTree = "<group>"; };
		FB658E0F28CC6598009D8185 /* PlusMinus.swift */ = {isa = PBXFileReference; lastKnownFileType = sourcecode.swift; path = PlusMinus.swift; sourceTree = "<group>"; };
		FBA4300D28854B7A0053C8E6 /* ButtonStyle.swift */ = {isa = PBXFileReference; lastKnownFileType = sourcecode.swift; path = ButtonStyle.swift; sourceTree = "<group>"; };
		FBA43015288D4B320053C8E6 /* CalculatorTests.xctest */ = {isa = PBXFileReference; explicitFileType = wrapper.cfbundle; includeInIndex = 0; path = CalculatorTests.xctest; sourceTree = BUILT_PRODUCTS_DIR; };
		FBA686EC287A7D33001A8FD9 /* Calculator.app */ = {isa = PBXFileReference; explicitFileType = wrapper.application; includeInIndex = 0; path = Calculator.app; sourceTree = BUILT_PRODUCTS_DIR; };
		FBA686EF287A7D33001A8FD9 /* AppDelegate.swift */ = {isa = PBXFileReference; lastKnownFileType = sourcecode.swift; path = AppDelegate.swift; sourceTree = "<group>"; };
		FBA686F1287A7D33001A8FD9 /* SceneDelegate.swift */ = {isa = PBXFileReference; lastKnownFileType = sourcecode.swift; path = SceneDelegate.swift; sourceTree = "<group>"; };
		FBA686F8287A7D40001A8FD9 /* Assets.xcassets */ = {isa = PBXFileReference; lastKnownFileType = folder.assetcatalog; path = Assets.xcassets; sourceTree = "<group>"; };
		FBA686FB287A7D40001A8FD9 /* Base */ = {isa = PBXFileReference; lastKnownFileType = file.storyboard; name = Base; path = Base.lproj/LaunchScreen.storyboard; sourceTree = "<group>"; };
		FBA686FD287A7D40001A8FD9 /* Info.plist */ = {isa = PBXFileReference; lastKnownFileType = text.plist.xml; path = Info.plist; sourceTree = "<group>"; };
		FBDA6C9E28C3E22E003C7004 /* CalculatorTests_Percent.swift */ = {isa = PBXFileReference; lastKnownFileType = sourcecode.swift; path = CalculatorTests_Percent.swift; sourceTree = "<group>"; };
		FBE3865628C3303C007EFF89 /* ForEach.swift */ = {isa = PBXFileReference; lastKnownFileType = sourcecode.swift; path = ForEach.swift; sourceTree = "<group>"; };
		FBE4242528B1B9FC00F1A312 /* AnyPreferenceKey.swift */ = {isa = PBXFileReference; lastKnownFileType = sourcecode.swift; path = AnyPreferenceKey.swift; sourceTree = "<group>"; };
		FBE4242728B1CD4500F1A312 /* View+DragGesture.swift */ = {isa = PBXFileReference; lastKnownFileType = sourcecode.swift; path = "View+DragGesture.swift"; sourceTree = "<group>"; };
		FBE4242928B1D77700F1A312 /* CalculatorButtonGridView.swift */ = {isa = PBXFileReference; lastKnownFileType = sourcecode.swift; path = CalculatorButtonGridView.swift; sourceTree = "<group>"; };
		FBE4242B28B1F1BE00F1A312 /* EnvironmentKey.swift */ = {isa = PBXFileReference; lastKnownFileType = sourcecode.swift; path = EnvironmentKey.swift; sourceTree = "<group>"; };
		FBEF5824288D7A7900E7BD88 /* Calculator.swift */ = {isa = PBXFileReference; fileEncoding = 4; lastKnownFileType = sourcecode.swift; path = Calculator.swift; sourceTree = "<group>"; };
		FBEF5825288D7A7900E7BD88 /* Operand.swift */ = {isa = PBXFileReference; fileEncoding = 4; lastKnownFileType = sourcecode.swift; path = Operand.swift; sourceTree = "<group>"; };
		FBEF5826288D7A7900E7BD88 /* BinaryOperator.swift */ = {isa = PBXFileReference; fileEncoding = 4; lastKnownFileType = sourcecode.swift; path = BinaryOperator.swift; sourceTree = "<group>"; };
		FBEF5828288D7A7900E7BD88 /* Key.swift */ = {isa = PBXFileReference; fileEncoding = 4; lastKnownFileType = sourcecode.swift; path = Key.swift; sourceTree = "<group>"; };
		FBEF582B288D7A7900E7BD88 /* OperandTests.swift */ = {isa = PBXFileReference; fileEncoding = 4; lastKnownFileType = sourcecode.swift; path = OperandTests.swift; sourceTree = "<group>"; };
		FBEF5833288EA84E00E7BD88 /* KeyRecievable.swift */ = {isa = PBXFileReference; lastKnownFileType = sourcecode.swift; path = KeyRecievable.swift; sourceTree = "<group>"; };
		FBEF58372890180D00E7BD88 /* UnaryOperator.swift */ = {isa = PBXFileReference; lastKnownFileType = sourcecode.swift; path = UnaryOperator.swift; sourceTree = "<group>"; };
		FBF2DA7C287AD31C00A844E4 /* RootView.swift */ = {isa = PBXFileReference; lastKnownFileType = sourcecode.swift; path = RootView.swift; sourceTree = "<group>"; };
		FBF2DA81287AD76F00A844E4 /* CalculatorView.swift */ = {isa = PBXFileReference; lastKnownFileType = sourcecode.swift; path = CalculatorView.swift; sourceTree = "<group>"; };
		FBF2DA85287AE4D300A844E4 /* CircleButton.swift */ = {isa = PBXFileReference; lastKnownFileType = sourcecode.swift; path = CircleButton.swift; sourceTree = "<group>"; };
		FBF2DA912883D6AA00A844E4 /* CapsuleButton.swift */ = {isa = PBXFileReference; lastKnownFileType = sourcecode.swift; path = CapsuleButton.swift; sourceTree = "<group>"; };
		FBF2DA942883E79900A844E4 /* View.swift */ = {isa = PBXFileReference; lastKnownFileType = sourcecode.swift; path = View.swift; sourceTree = "<group>"; };
/* End PBXFileReference section */

/* Begin PBXFrameworksBuildPhase section */
		FBA43012288D4B320053C8E6 /* Frameworks */ = {
			isa = PBXFrameworksBuildPhase;
			buildActionMask = 2147483647;
			files = (
			);
			runOnlyForDeploymentPostprocessing = 0;
		};
		FBA686E9287A7D33001A8FD9 /* Frameworks */ = {
			isa = PBXFrameworksBuildPhase;
			buildActionMask = 2147483647;
			files = (
			);
			runOnlyForDeploymentPostprocessing = 0;
		};
/* End PBXFrameworksBuildPhase section */

/* Begin PBXGroup section */
		FB10102428A791C100A47156 /* Operator */ = {
			isa = PBXGroup;
			children = (
				FBEF5826288D7A7900E7BD88 /* BinaryOperator.swift */,
				FBEF58372890180D00E7BD88 /* UnaryOperator.swift */,
			);
			path = Operator;
			sourceTree = "<group>";
		};
		FB10102528A791CD00A47156 /* Operand */ = {
			isa = PBXGroup;
			children = (
				FB1C521F289489B000615621 /* FractionDigits.swift */,
				FBEF5825288D7A7900E7BD88 /* Operand.swift */,
			);
			path = Operand;
			sourceTree = "<group>";
		};
		FB10102628A791D900A47156 /* Key */ = {
			isa = PBXGroup;
			children = (
				FBEF5828288D7A7900E7BD88 /* Key.swift */,
				FB10103228A796EF00A47156 /* KeyLayout.swift */,
				FBEF5833288EA84E00E7BD88 /* KeyRecievable.swift */,
				FB150D0E28BB6DFF00886C5C /* KeySelection.swift */,
			);
			path = Key;
			sourceTree = "<group>";
		};
		FB10102728A791EB00A47156 /* Calculator */ = {
			isa = PBXGroup;
			children = (
				FBEF5824288D7A7900E7BD88 /* Calculator.swift */,
				FB5AD0AC28A9047500B71912 /* CalculatorDisplay.swift */,
				FB10101F28A7868C00A47156 /* CalculatorObject.swift */,
			);
			path = Calculator;
			sourceTree = "<group>";
		};
		FB10103128A7954200A47156 /* Model */ = {
			isa = PBXGroup;
			children = (
				FB5A52C428A744A300E4A11E /* Calculator */,
				FB1C522928A73EE200615621 /* Operand */,
			);
			path = Model;
			sourceTree = "<group>";
		};
		FB1C522928A73EE200615621 /* Operand */ = {
			isa = PBXGroup;
			children = (
				FBEF582B288D7A7900E7BD88 /* OperandTests.swift */,
				FB1C5227289E5D9E00615621 /* OperandTests_CutOff.swift */,
				FB1C52232897582D00615621 /* OperandTests_Minus.swift */,
				FB1C522528975C5D00615621 /* OperandTests_Multiply.swift */,
				FB1C522128967E7E00615621 /* OperandTests_Plus.swift */,
			);
			path = Operand;
			sourceTree = "<group>";
		};
		FB5A52C428A744A300E4A11E /* Calculator */ = {
			isa = PBXGroup;
			children = (
				FB5A52C528A744AF00E4A11E /* CalculatorTests.swift */,
				FBDA6C9E28C3E22E003C7004 /* CalculatorTests_Percent.swift */,
			);
			path = Calculator;
			sourceTree = "<group>";
		};
		FB5AD0A928A9008800B71912 /* InterfaceOrientation */ = {
			isa = PBXGroup;
			children = (
				FB5AD0AA28A9009200B71912 /* InterfaceOrientation.swift */,
				FB5AD0AE28A90A6700B71912 /* InterfaceOrientationRecievable.swift */,
			);
			path = InterfaceOrientation;
			sourceTree = "<group>";
		};
		FB658E0E28CC6554009D8185 /* Shape */ = {
			isa = PBXGroup;
			children = (
				FB658E0F28CC6598009D8185 /* PlusMinus.swift */,
			);
			path = Shape;
			sourceTree = "<group>";
		};
		FBA43016288D4B320053C8E6 /* CalculatorTests */ = {
			isa = PBXGroup;
			children = (
				FBEF5829288D7A7900E7BD88 /* Sources */,
			);
			path = CalculatorTests;
			sourceTree = "<group>";
		};
		FBA686E3287A7D33001A8FD9 = {
			isa = PBXGroup;
			children = (
				FBA686EE287A7D33001A8FD9 /* Calculator */,
				FBA43016288D4B320053C8E6 /* CalculatorTests */,
				FBA686ED287A7D33001A8FD9 /* Products */,
			);
			sourceTree = "<group>";
		};
		FBA686ED287A7D33001A8FD9 /* Products */ = {
			isa = PBXGroup;
			children = (
				FBA686EC287A7D33001A8FD9 /* Calculator.app */,
				FBA43015288D4B320053C8E6 /* CalculatorTests.xctest */,
			);
			name = Products;
			sourceTree = "<group>";
		};
		FBA686EE287A7D33001A8FD9 /* Calculator */ = {
			isa = PBXGroup;
			children = (
				FBF2DA80287AD45A00A844E4 /* Sources */,
				FBA686F8287A7D40001A8FD9 /* Assets.xcassets */,
				FBA686FD287A7D40001A8FD9 /* Info.plist */,
				FBA686FA287A7D40001A8FD9 /* LaunchScreen.storyboard */,
			);
			path = Calculator;
			sourceTree = "<group>";
		};
		FBEF5829288D7A7900E7BD88 /* Sources */ = {
			isa = PBXGroup;
			children = (
				FB10103128A7954200A47156 /* Model */,
			);
			path = Sources;
			sourceTree = "<group>";
		};
		FBF2DA75287A86FE00A844E4 /* Model */ = {
			isa = PBXGroup;
			children = (
				FB10102728A791EB00A47156 /* Calculator */,
				FB5AD0A928A9008800B71912 /* InterfaceOrientation */,
				FB10102628A791D900A47156 /* Key */,
				FB10102528A791CD00A47156 /* Operand */,
				FB10102428A791C100A47156 /* Operator */,
			);
			path = Model;
			sourceTree = "<group>";
		};
		FBF2DA7E287AD37F00A844E4 /* View */ = {
			isa = PBXGroup;
			children = (
				FBF2DA8F287AE5CF00A844E4 /* Calculator */,
				FBF2DA8D287AE5AF00A844E4 /* Components */,
				FBF2DA8E287AE5C400A844E4 /* Root */,
				FB658E0E28CC6554009D8185 /* Shape */,
				FBF2DA932883E78D00A844E4 /* Utils */,
			);
			path = View;
			sourceTree = "<group>";
		};
		FBF2DA7F287AD38A00A844E4 /* App */ = {
			isa = PBXGroup;
			children = (
				FB5AD0B028A9BBED00B71912 /* App.swift */,
				FBA686EF287A7D33001A8FD9 /* AppDelegate.swift */,
				FBA686F1287A7D33001A8FD9 /* SceneDelegate.swift */,
			);
			path = App;
			sourceTree = "<group>";
		};
		FBF2DA80287AD45A00A844E4 /* Sources */ = {
			isa = PBXGroup;
			children = (
				FBF2DA7F287AD38A00A844E4 /* App */,
				FBF2DA75287A86FE00A844E4 /* Model */,
				FBF2DA7E287AD37F00A844E4 /* View */,
			);
			path = Sources;
			sourceTree = "<group>";
		};
		FBF2DA8D287AE5AF00A844E4 /* Components */ = {
			isa = PBXGroup;
			children = (
				FBA4300D28854B7A0053C8E6 /* ButtonStyle.swift */,
				FBF2DA912883D6AA00A844E4 /* CapsuleButton.swift */,
				FBF2DA85287AE4D300A844E4 /* CircleButton.swift */,
			);
			path = Components;
			sourceTree = "<group>";
		};
		FBF2DA8E287AE5C400A844E4 /* Root */ = {
			isa = PBXGroup;
			children = (
				FBF2DA7C287AD31C00A844E4 /* RootView.swift */,
			);
			path = Root;
			sourceTree = "<group>";
		};
		FBF2DA8F287AE5CF00A844E4 /* Calculator */ = {
			isa = PBXGroup;
			children = (
				FBE4242928B1D77700F1A312 /* CalculatorButtonGridView.swift */,
				FBF2DA81287AD76F00A844E4 /* CalculatorView.swift */,
			);
			path = Calculator;
			sourceTree = "<group>";
		};
		FBF2DA932883E78D00A844E4 /* Utils */ = {
			isa = PBXGroup;
			children = (
				FBE4242528B1B9FC00F1A312 /* AnyPreferenceKey.swift */,
				FBE4242B28B1F1BE00F1A312 /* EnvironmentKey.swift */,
				FBE3865628C3303C007EFF89 /* ForEach.swift */,
				FBE4242728B1CD4500F1A312 /* View+DragGesture.swift */,
				FBF2DA942883E79900A844E4 /* View.swift */,
			);
			path = Utils;
			sourceTree = "<group>";
		};
/* End PBXGroup section */

/* Begin PBXNativeTarget section */
		FBA43014288D4B320053C8E6 /* CalculatorTests */ = {
			isa = PBXNativeTarget;
			buildConfigurationList = FBA4301B288D4B320053C8E6 /* Build configuration list for PBXNativeTarget "CalculatorTests" */;
			buildPhases = (
				FBA43011288D4B320053C8E6 /* Sources */,
				FBA43012288D4B320053C8E6 /* Frameworks */,
				FBA43013288D4B320053C8E6 /* Resources */,
			);
			buildRules = (
			);
			dependencies = (
				FBA4301A288D4B320053C8E6 /* PBXTargetDependency */,
			);
			name = CalculatorTests;
			productName = CalculatorTests;
			productReference = FBA43015288D4B320053C8E6 /* CalculatorTests.xctest */;
			productType = "com.apple.product-type.bundle.unit-test";
		};
		FBA686EB287A7D33001A8FD9 /* Calculator */ = {
			isa = PBXNativeTarget;
			buildConfigurationList = FBA68700287A7D40001A8FD9 /* Build configuration list for PBXNativeTarget "Calculator" */;
			buildPhases = (
				FBA686E8287A7D33001A8FD9 /* Sources */,
				FBA686E9287A7D33001A8FD9 /* Frameworks */,
				FBA686EA287A7D33001A8FD9 /* Resources */,
			);
			buildRules = (
			);
			dependencies = (
			);
			name = Calculator;
			productName = Calculator;
			productReference = FBA686EC287A7D33001A8FD9 /* Calculator.app */;
			productType = "com.apple.product-type.application";
		};
/* End PBXNativeTarget section */

/* Begin PBXProject section */
		FBA686E4287A7D33001A8FD9 /* Project object */ = {
			isa = PBXProject;
			attributes = {
				BuildIndependentTargetsInParallel = 1;
				LastSwiftUpdateCheck = 1340;
				LastUpgradeCheck = 1340;
				TargetAttributes = {
					FBA43014288D4B320053C8E6 = {
						CreatedOnToolsVersion = 13.4.1;
						TestTargetID = FBA686EB287A7D33001A8FD9;
					};
					FBA686EB287A7D33001A8FD9 = {
						CreatedOnToolsVersion = 13.4.1;
					};
				};
			};
			buildConfigurationList = FBA686E7287A7D33001A8FD9 /* Build configuration list for PBXProject "Calculator" */;
			compatibilityVersion = "Xcode 13.0";
			developmentRegion = en;
			hasScannedForEncodings = 0;
			knownRegions = (
				en,
				Base,
			);
			mainGroup = FBA686E3287A7D33001A8FD9;
			productRefGroup = FBA686ED287A7D33001A8FD9 /* Products */;
			projectDirPath = "";
			projectRoot = "";
			targets = (
				FBA686EB287A7D33001A8FD9 /* Calculator */,
				FBA43014288D4B320053C8E6 /* CalculatorTests */,
			);
		};
/* End PBXProject section */

/* Begin PBXResourcesBuildPhase section */
		FBA43013288D4B320053C8E6 /* Resources */ = {
			isa = PBXResourcesBuildPhase;
			buildActionMask = 2147483647;
			files = (
			);
			runOnlyForDeploymentPostprocessing = 0;
		};
		FBA686EA287A7D33001A8FD9 /* Resources */ = {
			isa = PBXResourcesBuildPhase;
			buildActionMask = 2147483647;
			files = (
				FBA686FC287A7D40001A8FD9 /* LaunchScreen.storyboard in Resources */,
				FBA686F9287A7D40001A8FD9 /* Assets.xcassets in Resources */,
			);
			runOnlyForDeploymentPostprocessing = 0;
		};
/* End PBXResourcesBuildPhase section */

/* Begin PBXSourcesBuildPhase section */
		FBA43011288D4B320053C8E6 /* Sources */ = {
			isa = PBXSourcesBuildPhase;
			buildActionMask = 2147483647;
			files = (
				FB1C52242897582D00615621 /* OperandTests_Minus.swift in Sources */,
				FBEF5832288D7A7900E7BD88 /* OperandTests.swift in Sources */,
				FB1C5228289E5D9E00615621 /* OperandTests_CutOff.swift in Sources */,
				FBDA6C9F28C3E22E003C7004 /* CalculatorTests_Percent.swift in Sources */,
				FB1C522228967E7E00615621 /* OperandTests_Plus.swift in Sources */,
				FB5A52C628A744AF00E4A11E /* CalculatorTests.swift in Sources */,
				FB1C522628975C5D00615621 /* OperandTests_Multiply.swift in Sources */,
			);
			runOnlyForDeploymentPostprocessing = 0;
		};
		FBA686E8287A7D33001A8FD9 /* Sources */ = {
			isa = PBXSourcesBuildPhase;
			buildActionMask = 2147483647;
			files = (
				FB10102928A7938C00A47156 /* BinaryOperator.swift in Sources */,
				FB10102E28A7938C00A47156 /* KeyRecievable.swift in Sources */,
				FBF2DA86287AE4D300A844E4 /* CircleButton.swift in Sources */,
				FB10102828A7938C00A47156 /* CalculatorObject.swift in Sources */,
				FBF2DA82287AD76F00A844E4 /* CalculatorView.swift in Sources */,
				FB5AD0AF28A90A6700B71912 /* InterfaceOrientationRecievable.swift in Sources */,
				FBE4242C28B1F1BE00F1A312 /* EnvironmentKey.swift in Sources */,
				FB10102C28A7938C00A47156 /* FractionDigits.swift in Sources */,
				FB10103328A796EF00A47156 /* KeyLayout.swift in Sources */,
				FB658E1028CC6598009D8185 /* PlusMinus.swift in Sources */,
				FBF2DA7D287AD31C00A844E4 /* RootView.swift in Sources */,
				FB5AD0AB28A9009200B71912 /* InterfaceOrientation.swift in Sources */,
				FBE3865728C3303C007EFF89 /* ForEach.swift in Sources */,
				FBA686F0287A7D33001A8FD9 /* AppDelegate.swift in Sources */,
				FBE4242828B1CD4500F1A312 /* View+DragGesture.swift in Sources */,
				FB10102A28A7938C00A47156 /* Key.swift in Sources */,
				FB5AD0B128A9BBED00B71912 /* App.swift in Sources */,
				FBA686F2287A7D33001A8FD9 /* SceneDelegate.swift in Sources */,
				FBA4300E28854B7A0053C8E6 /* ButtonStyle.swift in Sources */,
				FB5AD0AD28A9047500B71912 /* CalculatorDisplay.swift in Sources */,
				FB10102D28A7938C00A47156 /* Calculator.swift in Sources */,
				FB150D0F28BB6DFF00886C5C /* KeySelection.swift in Sources */,
				FB10102F28A7938C00A47156 /* Operand.swift in Sources */,
				FB10102B28A7938C00A47156 /* UnaryOperator.swift in Sources */,
				FBF2DA922883D6AA00A844E4 /* CapsuleButton.swift in Sources */,
				FBF2DA952883E79900A844E4 /* View.swift in Sources */,
				FBE4242628B1B9FC00F1A312 /* AnyPreferenceKey.swift in Sources */,
				FBE4242A28B1D77700F1A312 /* CalculatorButtonGridView.swift in Sources */,
			);
			runOnlyForDeploymentPostprocessing = 0;
		};
/* End PBXSourcesBuildPhase section */

/* Begin PBXTargetDependency section */
		FBA4301A288D4B320053C8E6 /* PBXTargetDependency */ = {
			isa = PBXTargetDependency;
			target = FBA686EB287A7D33001A8FD9 /* Calculator */;
			targetProxy = FBA43019288D4B320053C8E6 /* PBXContainerItemProxy */;
		};
/* End PBXTargetDependency section */

/* Begin PBXVariantGroup section */
		FBA686FA287A7D40001A8FD9 /* LaunchScreen.storyboard */ = {
			isa = PBXVariantGroup;
			children = (
				FBA686FB287A7D40001A8FD9 /* Base */,
			);
			name = LaunchScreen.storyboard;
			path = .;
			sourceTree = "<group>";
		};
/* End PBXVariantGroup section */

/* Begin XCBuildConfiguration section */
		FBA4301C288D4B320053C8E6 /* Debug */ = {
			isa = XCBuildConfiguration;
			buildSettings = {
				BUNDLE_LOADER = "$(TEST_HOST)";
				CODE_SIGN_STYLE = Automatic;
				CURRENT_PROJECT_VERSION = 1;
				DEVELOPMENT_TEAM = L2S68XMK99;
				GENERATE_INFOPLIST_FILE = YES;
				MARKETING_VERSION = 1.0;
				PRODUCT_BUNDLE_IDENTIFIER = example.takehito.koshimizu.CalculatorTests;
				PRODUCT_NAME = "$(TARGET_NAME)";
				SWIFT_EMIT_LOC_STRINGS = NO;
				SWIFT_VERSION = 5.0;
				TARGETED_DEVICE_FAMILY = "1,2";
				TEST_HOST = "$(BUILT_PRODUCTS_DIR)/Calculator.app/Calculator";
			};
			name = Debug;
		};
		FBA4301D288D4B320053C8E6 /* Release */ = {
			isa = XCBuildConfiguration;
			buildSettings = {
				BUNDLE_LOADER = "$(TEST_HOST)";
				CODE_SIGN_STYLE = Automatic;
				CURRENT_PROJECT_VERSION = 1;
				DEVELOPMENT_TEAM = L2S68XMK99;
				GENERATE_INFOPLIST_FILE = YES;
				MARKETING_VERSION = 1.0;
				PRODUCT_BUNDLE_IDENTIFIER = example.takehito.koshimizu.CalculatorTests;
				PRODUCT_NAME = "$(TARGET_NAME)";
				SWIFT_EMIT_LOC_STRINGS = NO;
				SWIFT_VERSION = 5.0;
				TARGETED_DEVICE_FAMILY = "1,2";
				TEST_HOST = "$(BUILT_PRODUCTS_DIR)/Calculator.app/Calculator";
			};
			name = Release;
		};
		FBA686FE287A7D40001A8FD9 /* Debug */ = {
			isa = XCBuildConfiguration;
			buildSettings = {
				ALWAYS_SEARCH_USER_PATHS = NO;
				CLANG_ANALYZER_NONNULL = YES;
				CLANG_ANALYZER_NUMBER_OBJECT_CONVERSION = YES_AGGRESSIVE;
				CLANG_CXX_LANGUAGE_STANDARD = "gnu++17";
				CLANG_ENABLE_MODULES = YES;
				CLANG_ENABLE_OBJC_ARC = YES;
				CLANG_ENABLE_OBJC_WEAK = YES;
				CLANG_WARN_BLOCK_CAPTURE_AUTORELEASING = YES;
				CLANG_WARN_BOOL_CONVERSION = YES;
				CLANG_WARN_COMMA = YES;
				CLANG_WARN_CONSTANT_CONVERSION = YES;
				CLANG_WARN_DEPRECATED_OBJC_IMPLEMENTATIONS = YES;
				CLANG_WARN_DIRECT_OBJC_ISA_USAGE = YES_ERROR;
				CLANG_WARN_DOCUMENTATION_COMMENTS = YES;
				CLANG_WARN_EMPTY_BODY = YES;
				CLANG_WARN_ENUM_CONVERSION = YES;
				CLANG_WARN_INFINITE_RECURSION = YES;
				CLANG_WARN_INT_CONVERSION = YES;
				CLANG_WARN_NON_LITERAL_NULL_CONVERSION = YES;
				CLANG_WARN_OBJC_IMPLICIT_RETAIN_SELF = YES;
				CLANG_WARN_OBJC_LITERAL_CONVERSION = YES;
				CLANG_WARN_OBJC_ROOT_CLASS = YES_ERROR;
				CLANG_WARN_QUOTED_INCLUDE_IN_FRAMEWORK_HEADER = YES;
				CLANG_WARN_RANGE_LOOP_ANALYSIS = YES;
				CLANG_WARN_STRICT_PROTOTYPES = YES;
				CLANG_WARN_SUSPICIOUS_MOVE = YES;
				CLANG_WARN_UNGUARDED_AVAILABILITY = YES_AGGRESSIVE;
				CLANG_WARN_UNREACHABLE_CODE = YES;
				CLANG_WARN__DUPLICATE_METHOD_MATCH = YES;
				COPY_PHASE_STRIP = NO;
				DEBUG_INFORMATION_FORMAT = dwarf;
				ENABLE_STRICT_OBJC_MSGSEND = YES;
				ENABLE_TESTABILITY = YES;
				GCC_C_LANGUAGE_STANDARD = gnu11;
				GCC_DYNAMIC_NO_PIC = NO;
				GCC_NO_COMMON_BLOCKS = YES;
				GCC_OPTIMIZATION_LEVEL = 0;
				GCC_PREPROCESSOR_DEFINITIONS = (
					"DEBUG=1",
					"$(inherited)",
				);
				GCC_WARN_64_TO_32_BIT_CONVERSION = YES;
				GCC_WARN_ABOUT_RETURN_TYPE = YES_ERROR;
				GCC_WARN_UNDECLARED_SELECTOR = YES;
				GCC_WARN_UNINITIALIZED_AUTOS = YES_AGGRESSIVE;
				GCC_WARN_UNUSED_FUNCTION = YES;
				GCC_WARN_UNUSED_VARIABLE = YES;
				IPHONEOS_DEPLOYMENT_TARGET = 15.5;
				MTL_ENABLE_DEBUG_INFO = INCLUDE_SOURCE;
				MTL_FAST_MATH = YES;
				ONLY_ACTIVE_ARCH = YES;
				SDKROOT = iphoneos;
				SWIFT_ACTIVE_COMPILATION_CONDITIONS = DEBUG;
				SWIFT_OPTIMIZATION_LEVEL = "-Onone";
			};
			name = Debug;
		};
		FBA686FF287A7D40001A8FD9 /* Release */ = {
			isa = XCBuildConfiguration;
			buildSettings = {
				ALWAYS_SEARCH_USER_PATHS = NO;
				CLANG_ANALYZER_NONNULL = YES;
				CLANG_ANALYZER_NUMBER_OBJECT_CONVERSION = YES_AGGRESSIVE;
				CLANG_CXX_LANGUAGE_STANDARD = "gnu++17";
				CLANG_ENABLE_MODULES = YES;
				CLANG_ENABLE_OBJC_ARC = YES;
				CLANG_ENABLE_OBJC_WEAK = YES;
				CLANG_WARN_BLOCK_CAPTURE_AUTORELEASING = YES;
				CLANG_WARN_BOOL_CONVERSION = YES;
				CLANG_WARN_COMMA = YES;
				CLANG_WARN_CONSTANT_CONVERSION = YES;
				CLANG_WARN_DEPRECATED_OBJC_IMPLEMENTATIONS = YES;
				CLANG_WARN_DIRECT_OBJC_ISA_USAGE = YES_ERROR;
				CLANG_WARN_DOCUMENTATION_COMMENTS = YES;
				CLANG_WARN_EMPTY_BODY = YES;
				CLANG_WARN_ENUM_CONVERSION = YES;
				CLANG_WARN_INFINITE_RECURSION = YES;
				CLANG_WARN_INT_CONVERSION = YES;
				CLANG_WARN_NON_LITERAL_NULL_CONVERSION = YES;
				CLANG_WARN_OBJC_IMPLICIT_RETAIN_SELF = YES;
				CLANG_WARN_OBJC_LITERAL_CONVERSION = YES;
				CLANG_WARN_OBJC_ROOT_CLASS = YES_ERROR;
				CLANG_WARN_QUOTED_INCLUDE_IN_FRAMEWORK_HEADER = YES;
				CLANG_WARN_RANGE_LOOP_ANALYSIS = YES;
				CLANG_WARN_STRICT_PROTOTYPES = YES;
				CLANG_WARN_SUSPICIOUS_MOVE = YES;
				CLANG_WARN_UNGUARDED_AVAILABILITY = YES_AGGRESSIVE;
				CLANG_WARN_UNREACHABLE_CODE = YES;
				CLANG_WARN__DUPLICATE_METHOD_MATCH = YES;
				COPY_PHASE_STRIP = NO;
				DEBUG_INFORMATION_FORMAT = "dwarf-with-dsym";
				ENABLE_NS_ASSERTIONS = NO;
				ENABLE_STRICT_OBJC_MSGSEND = YES;
				GCC_C_LANGUAGE_STANDARD = gnu11;
				GCC_NO_COMMON_BLOCKS = YES;
				GCC_WARN_64_TO_32_BIT_CONVERSION = YES;
				GCC_WARN_ABOUT_RETURN_TYPE = YES_ERROR;
				GCC_WARN_UNDECLARED_SELECTOR = YES;
				GCC_WARN_UNINITIALIZED_AUTOS = YES_AGGRESSIVE;
				GCC_WARN_UNUSED_FUNCTION = YES;
				GCC_WARN_UNUSED_VARIABLE = YES;
				IPHONEOS_DEPLOYMENT_TARGET = 15.5;
				MTL_ENABLE_DEBUG_INFO = NO;
				MTL_FAST_MATH = YES;
				SDKROOT = iphoneos;
				SWIFT_COMPILATION_MODE = wholemodule;
				SWIFT_OPTIMIZATION_LEVEL = "-O";
				VALIDATE_PRODUCT = YES;
			};
			name = Release;
		};
		FBA68701287A7D40001A8FD9 /* Debug */ = {
			isa = XCBuildConfiguration;
			buildSettings = {
				ASSETCATALOG_COMPILER_APPICON_NAME = AppIcon;
				ASSETCATALOG_COMPILER_GLOBAL_ACCENT_COLOR_NAME = AccentColor;
				CODE_SIGN_STYLE = Automatic;
				CURRENT_PROJECT_VERSION = 1;
				DEVELOPMENT_TEAM = L2S68XMK99;
				GENERATE_INFOPLIST_FILE = YES;
				INFOPLIST_FILE = Calculator/Info.plist;
				INFOPLIST_KEY_UIApplicationSupportsIndirectInputEvents = YES;
				INFOPLIST_KEY_UILaunchStoryboardName = LaunchScreen;
				INFOPLIST_KEY_UISupportedInterfaceOrientations_iPad = "UIInterfaceOrientationPortrait UIInterfaceOrientationPortraitUpsideDown UIInterfaceOrientationLandscapeLeft UIInterfaceOrientationLandscapeRight";
				INFOPLIST_KEY_UISupportedInterfaceOrientations_iPhone = "UIInterfaceOrientationPortrait UIInterfaceOrientationLandscapeLeft UIInterfaceOrientationLandscapeRight";
				LD_RUNPATH_SEARCH_PATHS = (
					"$(inherited)",
					"@executable_path/Frameworks",
				);
				MARKETING_VERSION = 1.0;
				PRODUCT_BUNDLE_IDENTIFIER = example.takehito.koshimizu.Calculator;
				PRODUCT_NAME = "$(TARGET_NAME)";
				SWIFT_EMIT_LOC_STRINGS = YES;
				SWIFT_VERSION = 5.0;
				TARGETED_DEVICE_FAMILY = "1,2";
			};
			name = Debug;
		};
		FBA68702287A7D40001A8FD9 /* Release */ = {
			isa = XCBuildConfiguration;
			buildSettings = {
				ASSETCATALOG_COMPILER_APPICON_NAME = AppIcon;
				ASSETCATALOG_COMPILER_GLOBAL_ACCENT_COLOR_NAME = AccentColor;
				CODE_SIGN_STYLE = Automatic;
				CURRENT_PROJECT_VERSION = 1;
				DEVELOPMENT_TEAM = L2S68XMK99;
				GENERATE_INFOPLIST_FILE = YES;
				INFOPLIST_FILE = Calculator/Info.plist;
				INFOPLIST_KEY_UIApplicationSupportsIndirectInputEvents = YES;
				INFOPLIST_KEY_UILaunchStoryboardName = LaunchScreen;
				INFOPLIST_KEY_UISupportedInterfaceOrientations_iPad = "UIInterfaceOrientationPortrait UIInterfaceOrientationPortraitUpsideDown UIInterfaceOrientationLandscapeLeft UIInterfaceOrientationLandscapeRight";
				INFOPLIST_KEY_UISupportedInterfaceOrientations_iPhone = "UIInterfaceOrientationPortrait UIInterfaceOrientationLandscapeLeft UIInterfaceOrientationLandscapeRight";
				LD_RUNPATH_SEARCH_PATHS = (
					"$(inherited)",
					"@executable_path/Frameworks",
				);
				MARKETING_VERSION = 1.0;
				PRODUCT_BUNDLE_IDENTIFIER = example.takehito.koshimizu.Calculator;
				PRODUCT_NAME = "$(TARGET_NAME)";
				SWIFT_EMIT_LOC_STRINGS = YES;
				SWIFT_VERSION = 5.0;
				TARGETED_DEVICE_FAMILY = "1,2";
			};
			name = Release;
		};
/* End XCBuildConfiguration section */

/* Begin XCConfigurationList section */
		FBA4301B288D4B320053C8E6 /* Build configuration list for PBXNativeTarget "CalculatorTests" */ = {
			isa = XCConfigurationList;
			buildConfigurations = (
				FBA4301C288D4B320053C8E6 /* Debug */,
				FBA4301D288D4B320053C8E6 /* Release */,
			);
			defaultConfigurationIsVisible = 0;
			defaultConfigurationName = Release;
		};
		FBA686E7287A7D33001A8FD9 /* Build configuration list for PBXProject "Calculator" */ = {
			isa = XCConfigurationList;
			buildConfigurations = (
				FBA686FE287A7D40001A8FD9 /* Debug */,
				FBA686FF287A7D40001A8FD9 /* Release */,
			);
			defaultConfigurationIsVisible = 0;
			defaultConfigurationName = Release;
		};
		FBA68700287A7D40001A8FD9 /* Build configuration list for PBXNativeTarget "Calculator" */ = {
			isa = XCConfigurationList;
			buildConfigurations = (
				FBA68701287A7D40001A8FD9 /* Debug */,
				FBA68702287A7D40001A8FD9 /* Release */,
			);
			defaultConfigurationIsVisible = 0;
			defaultConfigurationName = Release;
		};
/* End XCConfigurationList section */
	};
	rootObject = FBA686E4287A7D33001A8FD9 /* Project object */;
}
